github.com/gabrieltassinari/lpfs v0.0.0-20230712085727-b8d1c4666d82 h1:vgTXU95pNhRzh7oISUWW60tmdnc1wfRFUNozdoVg/EQ=
github.com/gabrieltassinari/lpfs v0.0.0-20230712085727-b8d1c4666d82/go.mod h1:oCusAbf/jiKF2X/oYyrd4A3DiZR00tY9hp2ePmmlh1E=
github.com/lib/pq v1.10.9 h1:YXG7RB+JIjhP29X+OtkiDnYaXQwpS4JEWq7dtCCRUEw=
github.com/lib/pq v1.10.9/go.mod h1:AlVN5x4E4T544tWzH6hKfbfQvm3HdbOxrmggDNAPY9o=
